<Solution>
  <Folder Name="/Features/" />
  <Folder Name="/Features/FindingComments/">
    <Project Path="Features/FindingComments/Podkop.FindingComments.Application/Podkop.FindingComments.Application.csproj" />
    <Project Path="Features/FindingComments/Podkop.FindingComments.Contracts/Podkop.FindingComments.Contracts.csproj" />
    <Project Path="Features/FindingComments/Podkop.FindingComments.Domain/Podkop.FindingComments.Domain.csproj" />
    <Project Path="Features/FindingComments/Podkop.FindingComments.Infrastructure/Podkop.FindingComments.Infrastructure.csproj" />
    <Project Path="Features/FindingComments/Podkop.FindingComments.Server/Podkop.FindingComments.Server.csproj" />
    <Project Path="Features/FindingComments/Podkop.FindingComments.Tests/Podkop.FindingComments.Tests.csproj" />
  </Folder>
  <Folder Name="/Features/Findings/">
    <Project Path="Features/Findings/Podkop.Findings.Application/Podkop.Findings.Application.csproj" />
    <Project Path="Features/Findings/Podkop.Findings.Domain/Podkop.Findings.Domain.csproj" />
    <Project Path="Features/Findings/Podkop.Findings.Infrastructure/Podkop.Findings.Infrastructure.csproj" />
    <Project Path="Features/Findings/Podkop.Findings.Server/Podkop.Findings.Server.csproj" />
    <Project Path="Features/Findings/Podkop.Findings.Tests/Podkop.Findings.Tests.csproj" />
  </Folder>
  <Folder Name="/Features/Documents/">
    <Project Path="Features/Documents/Podkop.Documents.Application/Podkop.Documents.Application.csproj" />
    <Project Path="Features/Documents/Podkop.Documents.Domain/Podkop.Documents.Domain.csproj" />
    <Project Path="Features/Documents/Podkop.Documents.Infrastructure/Podkop.Documents.Infrastructure.csproj" />
    <Project Path="Features/Documents/Podkop.Documents.Server/Podkop.Documents.Server.csproj" />
    <Project Path="Features/Documents/Podkop.Documents.Tests/Podkop.Documents.Tests.csproj" />
  </Folder>
  <Folder Name="/Features/Moderation/">
    <Project Path="Features/Moderation/Podkop.Moderation.Application/Podkop.Moderation.Application.csproj" />
    <Project Path="Features/Moderation/Podkop.Moderation.Domain/Podkop.Moderation.Domain.csproj" />
    <Project Path="Features/Moderation/Podkop.Moderation.Infrastructure/Podkop.Moderation.Infrastructure.csproj" />
    <Project Path="Features/Moderation/Podkop.Moderation.Server/Podkop.Moderation.Server.csproj" />
    <Project Path="Features/Moderation/Podkop.Moderation.Tests/Podkop.Moderation.Tests.csproj" />
  </Folder>
  <Folder Name="/Features/Users/">
    <Project Path="Features/Users/Podkop.Users.Application/Podkop.Users.Application.csproj" />
    <Project Path="Features/Users/Podkop.Users.Domain/Podkop.Users.Domain.csproj" />
    <Project Path="Features/Users/Podkop.Users.Infrastructure/Podkop.Users.Infrastructure.csproj" />
    <Project Path="Features/Users/Podkop.Users.Server/Podkop.Users.Server.csproj" />
    <Project Path="Features/Users/Podkop.Users.Tests/Podkop.Users.Tests.csproj" />
  </Folder>
  <Folder Name="/Shared/">
    <Project Path="Shared/Podkop.Shared.Domain/Podkop.Shared.Domain.csproj" />
    <Project Path="Shared/Podkop.Shared.Domain.Tests/Podkop.Shared.Domain.Tests.csproj" />
    <Project Path="Shared/Podkop.Shared.Infrastructure/Podkop.Shared.Infrastructure.csproj" />
    <Project Path="Shared/Podkop.Shared.Testing/Podkop.Shared.Testing.csproj" />
  </Folder>
  <Project Path="Podkop.AppHost/Podkop.AppHost.csproj" />
  <Project Path="Podkop.AppHost.Tests/Podkop.AppHost.Tests.csproj" />
  <Project Path="Podkop.MigrationService/Podkop.MigrationService.csproj" />
  <Project Path="Podkop.MigrationService.Tests/Podkop.MigrationService.Tests.csproj" />
  <Project Path="Podkop.Server/Podkop.Server.csproj" />
  <Project Path="Podkop.Server.Tests/Podkop.Server.Tests.csproj" />
</Solution>
